
Microsoft Visual Studio Solution File, Format Version 12.00
# Visual Studio 15
VisualStudioVersion = 15.0.26403.3
MinimumVisualStudioVersion = 10.0.40219.1
Project("{FAE04EC0-301F-11D3-BF4B-00C04F79EFBC}") = "XgagWebsite", "XgagWebsite\XgagWebsite.csproj", "{1894FA50-9F45-4C52-84C4-174E103D727C}"
EndProject
Project("{FAE04EC0-301F-11D3-BF4B-00C04F79EFBC}") = "Tests", "Tests\Tests.csproj", "{9A35D387-328E-4162-9457-3FEE359B9D99}"
EndProject
Project("{FAE04EC0-301F-11D3-BF4B-00C04F79EFBC}") = "BusinessModels", "BusinessModels\BusinessModels.csproj", "{1A613A71-CF3B-44BD-9D9B-749F9539A4C0}"
EndProject
Global
	GlobalSection(SolutionConfigurationPlatforms) = preSolution
		Debug|Any CPU = Debug|Any CPU
		Release|Any CPU = Release|Any CPU
	EndGlobalSection
	GlobalSection(ProjectConfigurationPlatforms) = postSolution
		{1894FA50-9F45-4C52-84C4-174E103D727C}.Debug|Any CPU.ActiveCfg = Debug|Any CPU
		{1894FA50-9F45-4C52-84C4-174E103D727C}.Debug|Any CPU.Build.0 = Debug|Any CPU
		{1894FA50-9F45-4C52-84C4-174E103D727C}.Release|Any CPU.ActiveCfg = Release|Any CPU
		{1894FA50-9F45-4C52-84C4-174E103D727C}.Release|Any CPU.Build.0 = Release|Any CPU
		{9A35D387-328E-4162-9457-3FEE359B9D99}.Debug|Any CPU.ActiveCfg = Debug|Any CPU
		{9A35D387-328E-4162-9457-3FEE359B9D99}.Debug|Any CPU.Build.0 = Debug|Any CPU
		{9A35D387-328E-4162-9457-3FEE359B9D99}.Release|Any CPU.ActiveCfg = Release|Any CPU
		{9A35D387-328E-4162-9457-3FEE359B9D99}.Release|Any CPU.Build.0 = Release|Any CPU
		{1A613A71-CF3B-44BD-9D9B-749F9539A4C0}.Debug|Any CPU.ActiveCfg = Debug|Any CPU
		{1A613A71-CF3B-44BD-9D9B-749F9539A4C0}.Debug|Any CPU.Build.0 = Debug|Any CPU
		{1A613A71-CF3B-44BD-9D9B-749F9539A4C0}.Release|Any CPU.ActiveCfg = Release|Any CPU
		{1A613A71-CF3B-44BD-9D9B-749F9539A4C0}.Release|Any CPU.Build.0 = Release|Any CPU
	EndGlobalSection
	GlobalSection(SolutionProperties) = preSolution
		HideSolutionNode = FALSE
	EndGlobalSection
EndGlobal
